// !$*UTF8*$!
{
	archiveVersion = 1;
	classes = {
	};
	objectVersion = 46;
	objects = {

/* Begin PBXBuildFile section */
		270A77721E8CC570001E605B /* InsertionPoint.swift in Sources */ = {isa = PBXBuildFile; fileRef = 270A77711E8CC570001E605B /* InsertionPoint.swift */; };
		2710A2E81E735977004BE462 /* MapKit.framework in Frameworks */ = {isa = PBXBuildFile; fileRef = 2710A2E71E735977004BE462 /* MapKit.framework */; };
		2717BC211EC02D1400082BD7 /* RouteDetailViewController.swift in Sources */ = {isa = PBXBuildFile; fileRef = 2717BC201EC02D1400082BD7 /* RouteDetailViewController.swift */; };
		2720DA381EB8B23C00B4E6D3 /* TrackPosts_000000_25.png in Resources */ = {isa = PBXBuildFile; fileRef = 2720DA371EB8B23C00B4E6D3 /* TrackPosts_000000_25.png */; };
		27377C951EBA1509003504EF /* RouteInfoViewController.swift in Sources */ = {isa = PBXBuildFile; fileRef = 27377C941EBA1509003504EF /* RouteInfoViewController.swift */; };
		27377C971EBA1586003504EF /* PopupViewController.swift in Sources */ = {isa = PBXBuildFile; fileRef = 27377C961EBA1586003504EF /* PopupViewController.swift */; };
		273D83821E8163B1003F5B49 /* RouteID.swift in Sources */ = {isa = PBXBuildFile; fileRef = 273D83811E8163B1003F5B49 /* RouteID.swift */; };
		273DCEB11E7AC11D005AE82E /* Constants.swift in Sources */ = {isa = PBXBuildFile; fileRef = 273DCEB01E7AC11D005AE82E /* Constants.swift */; };
		273DCEB31E7ACC11005AE82E /* Route.swift in Sources */ = {isa = PBXBuildFile; fileRef = 273DCEB21E7ACC11005AE82E /* Route.swift */; };
		273DCEBA1E7C1C06005AE82E /* DataController.swift in Sources */ = {isa = PBXBuildFile; fileRef = 273DCEB91E7C1C06005AE82E /* DataController.swift */; };
		2742AC9E1EAC39AB00B2EC53 /* UndoableActions.swift in Sources */ = {isa = PBXBuildFile; fileRef = 2742AC9D1EAC39AB00B2EC53 /* UndoableActions.swift */; };
		2749E0811EB6E44B00B34C0E /* WorkingRoute.swift in Sources */ = {isa = PBXBuildFile; fileRef = 2749E0801EB6E44B00B34C0E /* WorkingRoute.swift */; };
		274B508F1EA9A7C7000A1527 /* Extensions.swift in Sources */ = {isa = PBXBuildFile; fileRef = 274B508E1EA9A7C7000A1527 /* Extensions.swift */; };
		2755C5DB1E84E6CC000800F5 /* Trash_ffffff_25.png in Resources */ = {isa = PBXBuildFile; fileRef = 2755C5DA1E84E6CC000800F5 /* Trash_ffffff_25.png */; };
		277689631E61159C00F25FE3 /* OptionsViewAnimator.swift in Sources */ = {isa = PBXBuildFile; fileRef = 277689621E61159C00F25FE3 /* OptionsViewAnimator.swift */; };
		278905E41E7961D100F1B40B /* Waypoint.swift in Sources */ = {isa = PBXBuildFile; fileRef = 278905E31E7961D100F1B40B /* Waypoint.swift */; };
		27902EEA1E821512004B6D85 /* recenter_64.png in Resources */ = {isa = PBXBuildFile; fileRef = 27902EE91E821512004B6D85 /* recenter_64.png */; };
		2793480C1E8A829E00594B0D /* DataViewController.swift in Sources */ = {isa = PBXBuildFile; fileRef = 2793480B1E8A829E00594B0D /* DataViewController.swift */; };
		27A4C3CC1EB23EAA00604F1E /* Images.xcassets in Resources */ = {isa = PBXBuildFile; fileRef = 27A4C3CB1EB23EAA00604F1E /* Images.xcassets */; };
		27A4C3CE1EB23F5600604F1E /* icon_fullsize.png in Resources */ = {isa = PBXBuildFile; fileRef = 27A4C3CD1EB23F5600604F1E /* icon_fullsize.png */; };
		27AA19871EB0BB32003FB5F6 /* RenumberViewController.swift in Sources */ = {isa = PBXBuildFile; fileRef = 27AA19861EB0BB32003FB5F6 /* RenumberViewController.swift */; };
		27AD09471EAE2847005912B3 /* Undo_ffffff_25.png in Resources */ = {isa = PBXBuildFile; fileRef = 27AD09461EAE2847005912B3 /* Undo_ffffff_25.png */; };
		27AD09491EAE285A005912B3 /* Redo_ffffff_25.png in Resources */ = {isa = PBXBuildFile; fileRef = 27AD09481EAE2859005912B3 /* Redo_ffffff_25.png */; };
		27B101E51E82A41C0014C588 /* Off_ffffff_25.png in Resources */ = {isa = PBXBuildFile; fileRef = 27B101E41E82A41C0014C588 /* Off_ffffff_25.png */; };
		27B101E71E82A47B0014C588 /* On_ffffff_25.png in Resources */ = {isa = PBXBuildFile; fileRef = 27B101E61E82A47B0014C588 /* On_ffffff_25.png */; };
		27B10CFE1E6060E3005099BD /* MainController.swift in Sources */ = {isa = PBXBuildFile; fileRef = 27B10CFD1E6060E3005099BD /* MainController.swift */; };
		27B10D001E606EC1005099BD /* Back_ffffff_25.png in Resources */ = {isa = PBXBuildFile; fileRef = 27B10CFF1E606EC1005099BD /* Back_ffffff_25.png */; };
		27BC9E171EA8590A00398773 /* TrackHeading_000000_25.png in Resources */ = {isa = PBXBuildFile; fileRef = 27BC9E161EA8590A00398773 /* TrackHeading_000000_25.png */; };
		27BC9E191EA8596C00398773 /* TrackOn_000000_25.png in Resources */ = {isa = PBXBuildFile; fileRef = 27BC9E181EA8596C00398773 /* TrackOn_000000_25.png */; };
		27BC9E1B1EA859BC00398773 /* TrackOff_000000_25.png in Resources */ = {isa = PBXBuildFile; fileRef = 27BC9E1A1EA859BC00398773 /* TrackOff_000000_25.png */; };
		27C558351E5F872E004FF32A /* LaunchScreen.storyboard in Resources */ = {isa = PBXBuildFile; fileRef = 27C558331E5F872E004FF32A /* LaunchScreen.storyboard */; };
		27C558411E5F8769004FF32A /* Globe_ffffff_25.png in Resources */ = {isa = PBXBuildFile; fileRef = 27C5583C1E5F8769004FF32A /* Globe_ffffff_25.png */; };
		27C558431E5F8769004FF32A /* Settings_ffffff_25.png in Resources */ = {isa = PBXBuildFile; fileRef = 27C5583E1E5F8769004FF32A /* Settings_ffffff_25.png */; };
		27C558441E5F8769004FF32A /* Signpost_ffffff_25.png in Resources */ = {isa = PBXBuildFile; fileRef = 27C5583F1E5F8769004FF32A /* Signpost_ffffff_25.png */; };
		27C558451E5F8769004FF32A /* Waypoint Map_ffffff_25.png in Resources */ = {isa = PBXBuildFile; fileRef = 27C558401E5F8769004FF32A /* Waypoint Map_ffffff_25.png */; };
		27C5584D1E5F8790004FF32A /* AppDelegate.swift in Sources */ = {isa = PBXBuildFile; fileRef = 27C558471E5F8790004FF32A /* AppDelegate.swift */; };
		27C5584E1E5F8790004FF32A /* BearingViewController.swift in Sources */ = {isa = PBXBuildFile; fileRef = 27C558481E5F8790004FF32A /* BearingViewController.swift */; };
		27C5584F1E5F8790004FF32A /* LatLonViewController.swift in Sources */ = {isa = PBXBuildFile; fileRef = 27C558491E5F8790004FF32A /* LatLonViewController.swift */; };
		27C558501E5F8790004FF32A /* MapViewController.swift in Sources */ = {isa = PBXBuildFile; fileRef = 27C5584A1E5F8790004FF32A /* MapViewController.swift */; };
		27C558511E5F8790004FF32A /* DataPageController.swift in Sources */ = {isa = PBXBuildFile; fileRef = 27C5584B1E5F8790004FF32A /* DataPageController.swift */; };
		27C558521E5F8790004FF32A /* Types.swift in Sources */ = {isa = PBXBuildFile; fileRef = 27C5584C1E5F8790004FF32A /* Types.swift */; };
		27C558541E5F885B004FF32A /* Main.storyboard in Resources */ = {isa = PBXBuildFile; fileRef = 27C558531E5F885B004FF32A /* Main.storyboard */; };
		27C558561E5F8ABB004FF32A /* Options.swift in Sources */ = {isa = PBXBuildFile; fileRef = 27C558551E5F8ABB004FF32A /* Options.swift */; };
		27C5585B1E5F9578004FF32A /* FactoryDefaults.plist in Resources */ = {isa = PBXBuildFile; fileRef = 27C558591E5F9578004FF32A /* FactoryDefaults.plist */; };
		27C5585E1E5F97B2004FF32A /* OptionsViewController.swift in Sources */ = {isa = PBXBuildFile; fileRef = 27C5585D1E5F97B2004FF32A /* OptionsViewController.swift */; };
		27D509471EA8D227002A5920 /* TrackingView.swift in Sources */ = {isa = PBXBuildFile; fileRef = 27D509461EA8D227002A5920 /* TrackingView.swift */; };
		27E0985A1EB0219D00FA21D3 /* UndoManager.swift in Sources */ = {isa = PBXBuildFile; fileRef = 27E098591EB0219D00FA21D3 /* UndoManager.swift */; };
		27E775301E7CA95700091C78 /* World Map_ffffff_25.png in Resources */ = {isa = PBXBuildFile; fileRef = 27E7752F1E7CA95700091C78 /* World Map_ffffff_25.png */; };
		27E7753C1E7CB84700091C78 /* Play_ffffff_25.png in Resources */ = {isa = PBXBuildFile; fileRef = 27E7753B1E7CB84700091C78 /* Play_ffffff_25.png */; };
		27E7753E1E7CB85600091C78 /* Pause_ffffff_25.png in Resources */ = {isa = PBXBuildFile; fileRef = 27E7753D1E7CB85600091C78 /* Pause_ffffff_25.png */; };
		27E775441E7CB90F00091C78 /* Upload_ffffff_25.png in Resources */ = {isa = PBXBuildFile; fileRef = 27E775431E7CB90F00091C78 /* Upload_ffffff_25.png */; };
		27E775461E7CB95300091C78 /* Pin_ffffff_25.png in Resources */ = {isa = PBXBuildFile; fileRef = 27E775451E7CB95300091C78 /* Pin_ffffff_25.png */; };
		27E775481E7CB99800091C78 /* Pin 2_ffffff_25.png in Resources */ = {isa = PBXBuildFile; fileRef = 27E775471E7CB99800091C78 /* Pin 2_ffffff_25.png */; };
		27E7754A1E7CB9B500091C78 /* Circled Play_ffffff_25.png in Resources */ = {isa = PBXBuildFile; fileRef = 27E775491E7CB9B500091C78 /* Circled Play_ffffff_25.png */; };
		27E7754C1E7CB9CE00091C78 /* Circled Pause_ffffff_25.png in Resources */ = {isa = PBXBuildFile; fileRef = 27E7754B1E7CB9CE00091C78 /* Circled Pause_ffffff_25.png */; };
		27E7754E1E7CC16600091C78 /* Routes.swift in Sources */ = {isa = PBXBuildFile; fileRef = 27E7754D1E7CC16600091C78 /* Routes.swift */; };
		27ED92191EBD1E890004028E /* RoutesViewController.swift in Sources */ = {isa = PBXBuildFile; fileRef = 27ED92181EBD1E890004028E /* RoutesViewController.swift */; };
		27ED921B1EBD52AC0004028E /* RoutesViewAnimator.swift in Sources */ = {isa = PBXBuildFile; fileRef = 27ED921A1EBD52AC0004028E /* RoutesViewAnimator.swift */; };
		27ED921D1EBEC9790004028E /* Waypoint Map_000000_25.png in Resources */ = {isa = PBXBuildFile; fileRef = 27ED921C1EBEC9790004028E /* Waypoint Map_000000_25.png */; };
		27ED921F1EBED6B60004028E /* Trash_000000_25.png in Resources */ = {isa = PBXBuildFile; fileRef = 27ED921E1EBED6B60004028E /* Trash_000000_25.png */; };
		27F26E1C1EA94E90001EF37B /* Near Me_ffffff_25.png in Resources */ = {isa = PBXBuildFile; fileRef = 27F26E1B1EA94E90001EF37B /* Near Me_ffffff_25.png */; };
		27F26E201EA95C80001EF37B /* Save_file_ffffff_25.png in Resources */ = {isa = PBXBuildFile; fileRef = 27F26E1F1EA95C80001EF37B /* Save_file_ffffff_25.png */; };
		27F74D7A1EA4E7AA008D172A /* PostAnnotation.swift in Sources */ = {isa = PBXBuildFile; fileRef = 27F74D791EA4E7AA008D172A /* PostAnnotation.swift */; };
/* End PBXBuildFile section */

/* Begin PBXFileReference section */
		270A77711E8CC570001E605B /* InsertionPoint.swift */ = {isa = PBXFileReference; fileEncoding = 4; lastKnownFileType = sourcecode.swift; path = InsertionPoint.swift; sourceTree = "<group>"; };
		2710A2E71E735977004BE462 /* MapKit.framework */ = {isa = PBXFileReference; lastKnownFileType = wrapper.framework; name = MapKit.framework; path = System/Library/Frameworks/MapKit.framework; sourceTree = SDKROOT; };
		2717BC201EC02D1400082BD7 /* RouteDetailViewController.swift */ = {isa = PBXFileReference; fileEncoding = 4; lastKnownFileType = sourcecode.swift; path = RouteDetailViewController.swift; sourceTree = "<group>"; };
		2720DA371EB8B23C00B4E6D3 /* TrackPosts_000000_25.png */ = {isa = PBXFileReference; lastKnownFileType = image.png; path = TrackPosts_000000_25.png; sourceTree = "<group>"; };
		27377C941EBA1509003504EF /* RouteInfoViewController.swift */ = {isa = PBXFileReference; fileEncoding = 4; lastKnownFileType = sourcecode.swift; path = RouteInfoViewController.swift; sourceTree = "<group>"; };
		27377C961EBA1586003504EF /* PopupViewController.swift */ = {isa = PBXFileReference; fileEncoding = 4; lastKnownFileType = sourcecode.swift; path = PopupViewController.swift; sourceTree = "<group>"; };
		273D83811E8163B1003F5B49 /* RouteID.swift */ = {isa = PBXFileReference; fileEncoding = 4; lastKnownFileType = sourcecode.swift; path = RouteID.swift; sourceTree = "<group>"; };
		273DCEB01E7AC11D005AE82E /* Constants.swift */ = {isa = PBXFileReference; fileEncoding = 4; lastKnownFileType = sourcecode.swift; path = Constants.swift; sourceTree = "<group>"; };
		273DCEB21E7ACC11005AE82E /* Route.swift */ = {isa = PBXFileReference; fileEncoding = 4; lastKnownFileType = sourcecode.swift; path = Route.swift; sourceTree = "<group>"; };
		273DCEB91E7C1C06005AE82E /* DataController.swift */ = {isa = PBXFileReference; fileEncoding = 4; lastKnownFileType = sourcecode.swift; path = DataController.swift; sourceTree = "<group>"; };
		2742AC9D1EAC39AB00B2EC53 /* UndoableActions.swift */ = {isa = PBXFileReference; fileEncoding = 4; lastKnownFileType = sourcecode.swift; path = UndoableActions.swift; sourceTree = "<group>"; };
		2749E0801EB6E44B00B34C0E /* WorkingRoute.swift */ = {isa = PBXFileReference; fileEncoding = 4; lastKnownFileType = sourcecode.swift; path = WorkingRoute.swift; sourceTree = "<group>"; };
		274B508E1EA9A7C7000A1527 /* Extensions.swift */ = {isa = PBXFileReference; fileEncoding = 4; lastKnownFileType = sourcecode.swift; path = Extensions.swift; sourceTree = "<group>"; };
		2755C5DA1E84E6CC000800F5 /* Trash_ffffff_25.png */ = {isa = PBXFileReference; lastKnownFileType = image.png; path = Trash_ffffff_25.png; sourceTree = "<group>"; };
		277689621E61159C00F25FE3 /* OptionsViewAnimator.swift */ = {isa = PBXFileReference; fileEncoding = 4; lastKnownFileType = sourcecode.swift; path = OptionsViewAnimator.swift; sourceTree = "<group>"; };
		278905E31E7961D100F1B40B /* Waypoint.swift */ = {isa = PBXFileReference; fileEncoding = 4; lastKnownFileType = sourcecode.swift; path = Waypoint.swift; sourceTree = "<group>"; };
		27902EE91E821512004B6D85 /* recenter_64.png */ = {isa = PBXFileReference; lastKnownFileType = image.png; path = recenter_64.png; sourceTree = "<group>"; };
		2793480B1E8A829E00594B0D /* DataViewController.swift */ = {isa = PBXFileReference; fileEncoding = 4; lastKnownFileType = sourcecode.swift; path = DataViewController.swift; sourceTree = "<group>"; };
		27A4C3CB1EB23EAA00604F1E /* Images.xcassets */ = {isa = PBXFileReference; lastKnownFileType = folder.assetcatalog; path = Images.xcassets; sourceTree = "<group>"; };
		27A4C3CD1EB23F5600604F1E /* icon_fullsize.png */ = {isa = PBXFileReference; lastKnownFileType = image.png; path = icon_fullsize.png; sourceTree = "<group>"; };
		27AA19861EB0BB32003FB5F6 /* RenumberViewController.swift */ = {isa = PBXFileReference; fileEncoding = 4; lastKnownFileType = sourcecode.swift; path = RenumberViewController.swift; sourceTree = "<group>"; };
		27AD09461EAE2847005912B3 /* Undo_ffffff_25.png */ = {isa = PBXFileReference; lastKnownFileType = image.png; path = Undo_ffffff_25.png; sourceTree = "<group>"; };
		27AD09481EAE2859005912B3 /* Redo_ffffff_25.png */ = {isa = PBXFileReference; lastKnownFileType = image.png; path = Redo_ffffff_25.png; sourceTree = "<group>"; };
		27B101E41E82A41C0014C588 /* Off_ffffff_25.png */ = {isa = PBXFileReference; lastKnownFileType = image.png; path = Off_ffffff_25.png; sourceTree = "<group>"; };
		27B101E61E82A47B0014C588 /* On_ffffff_25.png */ = {isa = PBXFileReference; lastKnownFileType = image.png; path = On_ffffff_25.png; sourceTree = "<group>"; };
		27B10CFD1E6060E3005099BD /* MainController.swift */ = {isa = PBXFileReference; fileEncoding = 4; lastKnownFileType = sourcecode.swift; path = MainController.swift; sourceTree = "<group>"; };
		27B10CFF1E606EC1005099BD /* Back_ffffff_25.png */ = {isa = PBXFileReference; lastKnownFileType = image.png; path = Back_ffffff_25.png; sourceTree = "<group>"; };
		27BC9E161EA8590A00398773 /* TrackHeading_000000_25.png */ = {isa = PBXFileReference; lastKnownFileType = image.png; path = TrackHeading_000000_25.png; sourceTree = "<group>"; };
		27BC9E181EA8596C00398773 /* TrackOn_000000_25.png */ = {isa = PBXFileReference; lastKnownFileType = image.png; path = TrackOn_000000_25.png; sourceTree = "<group>"; };
		27BC9E1A1EA859BC00398773 /* TrackOff_000000_25.png */ = {isa = PBXFileReference; lastKnownFileType = image.png; path = TrackOff_000000_25.png; sourceTree = "<group>"; };
		27C558271E5F872E004FF32A /* truCourse.app */ = {isa = PBXFileReference; explicitFileType = wrapper.application; includeInIndex = 0; path = truCourse.app; sourceTree = BUILT_PRODUCTS_DIR; };
		27C558341E5F872E004FF32A /* Base */ = {isa = PBXFileReference; lastKnownFileType = file.storyboard; name = Base; path = Base.lproj/LaunchScreen.storyboard; sourceTree = "<group>"; };
		27C558361E5F872E004FF32A /* Info.plist */ = {isa = PBXFileReference; lastKnownFileType = text.plist.xml; path = Info.plist; sourceTree = "<group>"; };
		27C5583C1E5F8769004FF32A /* Globe_ffffff_25.png */ = {isa = PBXFileReference; lastKnownFileType = image.png; path = Globe_ffffff_25.png; sourceTree = "<group>"; };
		27C5583E1E5F8769004FF32A /* Settings_ffffff_25.png */ = {isa = PBXFileReference; lastKnownFileType = image.png; path = Settings_ffffff_25.png; sourceTree = "<group>"; };
		27C5583F1E5F8769004FF32A /* Signpost_ffffff_25.png */ = {isa = PBXFileReference; lastKnownFileType = image.png; path = Signpost_ffffff_25.png; sourceTree = "<group>"; };
		27C558401E5F8769004FF32A /* Waypoint Map_ffffff_25.png */ = {isa = PBXFileReference; lastKnownFileType = image.png; path = "Waypoint Map_ffffff_25.png"; sourceTree = "<group>"; };
		27C558471E5F8790004FF32A /* AppDelegate.swift */ = {isa = PBXFileReference; fileEncoding = 4; lastKnownFileType = sourcecode.swift; path = AppDelegate.swift; sourceTree = "<group>"; };
		27C558481E5F8790004FF32A /* BearingViewController.swift */ = {isa = PBXFileReference; fileEncoding = 4; lastKnownFileType = sourcecode.swift; path = BearingViewController.swift; sourceTree = "<group>"; };
		27C558491E5F8790004FF32A /* LatLonViewController.swift */ = {isa = PBXFileReference; fileEncoding = 4; lastKnownFileType = sourcecode.swift; path = LatLonViewController.swift; sourceTree = "<group>"; };
		27C5584A1E5F8790004FF32A /* MapViewController.swift */ = {isa = PBXFileReference; fileEncoding = 4; lastKnownFileType = sourcecode.swift; path = MapViewController.swift; sourceTree = "<group>"; };
		27C5584B1E5F8790004FF32A /* DataPageController.swift */ = {isa = PBXFileReference; fileEncoding = 4; lastKnownFileType = sourcecode.swift; path = DataPageController.swift; sourceTree = "<group>"; };
		27C5584C1E5F8790004FF32A /* Types.swift */ = {isa = PBXFileReference; fileEncoding = 4; lastKnownFileType = sourcecode.swift; path = Types.swift; sourceTree = "<group>"; };
		27C558531E5F885B004FF32A /* Main.storyboard */ = {isa = PBXFileReference; fileEncoding = 4; lastKnownFileType = file.storyboard; path = Main.storyboard; sourceTree = "<group>"; };
		27C558551E5F8ABB004FF32A /* Options.swift */ = {isa = PBXFileReference; fileEncoding = 4; lastKnownFileType = sourcecode.swift; path = Options.swift; sourceTree = "<group>"; };
		27C558591E5F9578004FF32A /* FactoryDefaults.plist */ = {isa = PBXFileReference; fileEncoding = 4; lastKnownFileType = text.plist.xml; path = FactoryDefaults.plist; sourceTree = "<group>"; };
		27C5585D1E5F97B2004FF32A /* OptionsViewController.swift */ = {isa = PBXFileReference; fileEncoding = 4; lastKnownFileType = sourcecode.swift; path = OptionsViewController.swift; sourceTree = "<group>"; };
		27D509461EA8D227002A5920 /* TrackingView.swift */ = {isa = PBXFileReference; fileEncoding = 4; lastKnownFileType = sourcecode.swift; path = TrackingView.swift; sourceTree = "<group>"; };
		27E098591EB0219D00FA21D3 /* UndoManager.swift */ = {isa = PBXFileReference; fileEncoding = 4; lastKnownFileType = sourcecode.swift; path = UndoManager.swift; sourceTree = "<group>"; };
		27E7752F1E7CA95700091C78 /* World Map_ffffff_25.png */ = {isa = PBXFileReference; lastKnownFileType = image.png; path = "World Map_ffffff_25.png"; sourceTree = "<group>"; };
		27E7753B1E7CB84700091C78 /* Play_ffffff_25.png */ = {isa = PBXFileReference; lastKnownFileType = image.png; path = Play_ffffff_25.png; sourceTree = "<group>"; };
		27E7753D1E7CB85600091C78 /* Pause_ffffff_25.png */ = {isa = PBXFileReference; lastKnownFileType = image.png; path = Pause_ffffff_25.png; sourceTree = "<group>"; };
		27E775431E7CB90F00091C78 /* Upload_ffffff_25.png */ = {isa = PBXFileReference; lastKnownFileType = image.png; path = Upload_ffffff_25.png; sourceTree = "<group>"; };
		27E775451E7CB95300091C78 /* Pin_ffffff_25.png */ = {isa = PBXFileReference; lastKnownFileType = image.png; path = Pin_ffffff_25.png; sourceTree = "<group>"; };
		27E775471E7CB99800091C78 /* Pin 2_ffffff_25.png */ = {isa = PBXFileReference; lastKnownFileType = image.png; path = "Pin 2_ffffff_25.png"; sourceTree = "<group>"; };
		27E775491E7CB9B500091C78 /* Circled Play_ffffff_25.png */ = {isa = PBXFileReference; lastKnownFileType = image.png; path = "Circled Play_ffffff_25.png"; sourceTree = "<group>"; };
		27E7754B1E7CB9CE00091C78 /* Circled Pause_ffffff_25.png */ = {isa = PBXFileReference; lastKnownFileType = image.png; path = "Circled Pause_ffffff_25.png"; sourceTree = "<group>"; };
		27E7754D1E7CC16600091C78 /* Routes.swift */ = {isa = PBXFileReference; fileEncoding = 4; lastKnownFileType = sourcecode.swift; path = Routes.swift; sourceTree = "<group>"; };
		27ED92181EBD1E890004028E /* RoutesViewController.swift */ = {isa = PBXFileReference; fileEncoding = 4; lastKnownFileType = sourcecode.swift; path = RoutesViewController.swift; sourceTree = "<group>"; };
		27ED921A1EBD52AC0004028E /* RoutesViewAnimator.swift */ = {isa = PBXFileReference; fileEncoding = 4; lastKnownFileType = sourcecode.swift; path = RoutesViewAnimator.swift; sourceTree = "<group>"; };
		27ED921C1EBEC9790004028E /* Waypoint Map_000000_25.png */ = {isa = PBXFileReference; lastKnownFileType = image.png; path = "Waypoint Map_000000_25.png"; sourceTree = "<group>"; };
		27ED921E1EBED6B60004028E /* Trash_000000_25.png */ = {isa = PBXFileReference; lastKnownFileType = image.png; path = Trash_000000_25.png; sourceTree = "<group>"; };
		27F26E1B1EA94E90001EF37B /* Near Me_ffffff_25.png */ = {isa = PBXFileReference; lastKnownFileType = image.png; path = "Near Me_ffffff_25.png"; sourceTree = "<group>"; };
		27F26E1F1EA95C80001EF37B /* Save_file_ffffff_25.png */ = {isa = PBXFileReference; lastKnownFileType = image.png; path = Save_file_ffffff_25.png; sourceTree = "<group>"; };
		27F74D791EA4E7AA008D172A /* PostAnnotation.swift */ = {isa = PBXFileReference; fileEncoding = 4; lastKnownFileType = sourcecode.swift; path = PostAnnotation.swift; sourceTree = "<group>"; };
/* End PBXFileReference section */

/* Begin PBXFrameworksBuildPhase section */
		27C558241E5F872E004FF32A /* Frameworks */ = {
			isa = PBXFrameworksBuildPhase;
			buildActionMask = 2147483647;
			files = (
				2710A2E81E735977004BE462 /* MapKit.framework in Frameworks */,
			);
			runOnlyForDeploymentPostprocessing = 0;
		};
/* End PBXFrameworksBuildPhase section */

/* Begin PBXGroup section */
		2710A2E61E735977004BE462 /* Frameworks */ = {
			isa = PBXGroup;
			children = (
				2710A2E71E735977004BE462 /* MapKit.framework */,
			);
			name = Frameworks;
			sourceTree = "<group>";
		};
		278905E21E7961AC00F1B40B /* Data */ = {
			isa = PBXGroup;
			children = (
				273DCEB91E7C1C06005AE82E /* DataController.swift */,
				270A77711E8CC570001E605B /* InsertionPoint.swift */,
				278905E31E7961D100F1B40B /* Waypoint.swift */,
				273DCEB21E7ACC11005AE82E /* Route.swift */,
				273D83811E8163B1003F5B49 /* RouteID.swift */,
				2742AC9D1EAC39AB00B2EC53 /* UndoableActions.swift */,
				2749E0801EB6E44B00B34C0E /* WorkingRoute.swift */,
			);
			name = Data;
			sourceTree = "<group>";
		};
		27AA19831EB07055003FB5F6 /* SupportClasses */ = {
			isa = PBXGroup;
			children = (
				27C5584C1E5F8790004FF32A /* Types.swift */,
				273DCEB01E7AC11D005AE82E /* Constants.swift */,
				274B508E1EA9A7C7000A1527 /* Extensions.swift */,
				27E098591EB0219D00FA21D3 /* UndoManager.swift */,
			);
			name = SupportClasses;
			sourceTree = "<group>";
		};
		27C5581E1E5F872E004FF32A = {
			isa = PBXGroup;
			children = (
				27C558291E5F872E004FF32A /* truCourse */,
				27C558281E5F872E004FF32A /* Products */,
				2710A2E61E735977004BE462 /* Frameworks */,
			);
			sourceTree = "<group>";
		};
		27C558281E5F872E004FF32A /* Products */ = {
			isa = PBXGroup;
			children = (
				27C558271E5F872E004FF32A /* truCourse.app */,
			);
			name = Products;
			sourceTree = "<group>";
		};
		27C558291E5F872E004FF32A /* truCourse */ = {
			isa = PBXGroup;
			children = (
				27C558471E5F8790004FF32A /* AppDelegate.swift */,
				27B10CFD1E6060E3005099BD /* MainController.swift */,
				27AA19831EB07055003FB5F6 /* SupportClasses */,
				27DB65E21E60E2D100498C12 /* DataViews */,
				278905E21E7961AC00F1B40B /* Data */,
				27ED92151EBD007F0004028E /* Routes */,
				27DB65E11E60E2B500498C12 /* Options */,
				27C558461E5F877E004FF32A /* Icons */,
				27C558531E5F885B004FF32A /* Main.storyboard */,
				27C558331E5F872E004FF32A /* LaunchScreen.storyboard */,
				27C558361E5F872E004FF32A /* Info.plist */,
				27C558591E5F9578004FF32A /* FactoryDefaults.plist */,
				27A4C3CB1EB23EAA00604F1E /* Images.xcassets */,
			);
			path = truCourse;
			sourceTree = "<group>";
		};
		27C558461E5F877E004FF32A /* Icons */ = {
			isa = PBXGroup;
			children = (
				27B10CFF1E606EC1005099BD /* Back_ffffff_25.png */,
				27E7754B1E7CB9CE00091C78 /* Circled Pause_ffffff_25.png */,
				27E775491E7CB9B500091C78 /* Circled Play_ffffff_25.png */,
				27C5583C1E5F8769004FF32A /* Globe_ffffff_25.png */,
				27A4C3CD1EB23F5600604F1E /* icon_fullsize.png */,
				27F26E1B1EA94E90001EF37B /* Near Me_ffffff_25.png */,
				27B101E41E82A41C0014C588 /* Off_ffffff_25.png */,
				27B101E61E82A47B0014C588 /* On_ffffff_25.png */,
				27E7753D1E7CB85600091C78 /* Pause_ffffff_25.png */,
				27E775471E7CB99800091C78 /* Pin 2_ffffff_25.png */,
				27E775451E7CB95300091C78 /* Pin_ffffff_25.png */,
				27E7753B1E7CB84700091C78 /* Play_ffffff_25.png */,
				27902EE91E821512004B6D85 /* recenter_64.png */,
				27AD09481EAE2859005912B3 /* Redo_ffffff_25.png */,
				27F26E1F1EA95C80001EF37B /* Save_file_ffffff_25.png */,
				27C5583E1E5F8769004FF32A /* Settings_ffffff_25.png */,
				27C5583F1E5F8769004FF32A /* Signpost_ffffff_25.png */,
				27BC9E161EA8590A00398773 /* TrackHeading_000000_25.png */,
				27BC9E1A1EA859BC00398773 /* TrackOff_000000_25.png */,
				27BC9E181EA8596C00398773 /* TrackOn_000000_25.png */,
				2720DA371EB8B23C00B4E6D3 /* TrackPosts_000000_25.png */,
				2755C5DA1E84E6CC000800F5 /* Trash_ffffff_25.png */,
				27ED921E1EBED6B60004028E /* Trash_000000_25.png */,
				27AD09461EAE2847005912B3 /* Undo_ffffff_25.png */,
				27E775431E7CB90F00091C78 /* Upload_ffffff_25.png */,
				27ED921C1EBEC9790004028E /* Waypoint Map_000000_25.png */,
				27C558401E5F8769004FF32A /* Waypoint Map_ffffff_25.png */,
				27E7752F1E7CA95700091C78 /* World Map_ffffff_25.png */,
			);
			name = Icons;
			sourceTree = "<group>";
		};
		27DB65E11E60E2B500498C12 /* Options */ = {
			isa = PBXGroup;
			children = (
				27C558551E5F8ABB004FF32A /* Options.swift */,
				27C5585D1E5F97B2004FF32A /* OptionsViewController.swift */,
				277689621E61159C00F25FE3 /* OptionsViewAnimator.swift */,
			);
			name = Options;
			sourceTree = "<group>";
		};
		27DB65E21E60E2D100498C12 /* DataViews */ = {
			isa = PBXGroup;
			children = (
				27C5584B1E5F8790004FF32A /* DataPageController.swift */,
				2793480B1E8A829E00594B0D /* DataViewController.swift */,
				27C558491E5F8790004FF32A /* LatLonViewController.swift */,
				27C558481E5F8790004FF32A /* BearingViewController.swift */,
				27C5584A1E5F8790004FF32A /* MapViewController.swift */,
				27F74D791EA4E7AA008D172A /* PostAnnotation.swift */,
				27D509461EA8D227002A5920 /* TrackingView.swift */,
				27AA19861EB0BB32003FB5F6 /* RenumberViewController.swift */,
				27377C961EBA1586003504EF /* PopupViewController.swift */,
				27377C941EBA1509003504EF /* RouteInfoViewController.swift */,
			);
			name = DataViews;
			sourceTree = "<group>";
		};
		27ED92151EBD007F0004028E /* Routes */ = {
			isa = PBXGroup;
			children = (
				27E7754D1E7CC16600091C78 /* Routes.swift */,
				27ED92181EBD1E890004028E /* RoutesViewController.swift */,
				27ED921A1EBD52AC0004028E /* RoutesViewAnimator.swift */,
				2717BC201EC02D1400082BD7 /* RouteDetailViewController.swift */,
			);
			name = Routes;
			sourceTree = "<group>";
		};
/* End PBXGroup section */

/* Begin PBXNativeTarget section */
		27C558261E5F872E004FF32A /* truCourse */ = {
			isa = PBXNativeTarget;
			buildConfigurationList = 27C558391E5F872E004FF32A /* Build configuration list for PBXNativeTarget "truCourse" */;
			buildPhases = (
				27C558231E5F872E004FF32A /* Sources */,
				27C558241E5F872E004FF32A /* Frameworks */,
				27C558251E5F872E004FF32A /* Resources */,
			);
			buildRules = (
			);
			dependencies = (
			);
			name = truCourse;
			productName = truCourse;
			productReference = 27C558271E5F872E004FF32A /* truCourse.app */;
			productType = "com.apple.product-type.application";
		};
/* End PBXNativeTarget section */

/* Begin PBXProject section */
		27C5581F1E5F872E004FF32A /* Project object */ = {
			isa = PBXProject;
			attributes = {
				LastSwiftUpdateCheck = 0820;
				LastUpgradeCheck = 0820;
				ORGANIZATIONNAME = VMWishes;
				TargetAttributes = {
					27C558261E5F872E004FF32A = {
						CreatedOnToolsVersion = 8.2.1;
						DevelopmentTeam = 642SNV9NK2;
						LastSwiftMigration = 0820;
						ProvisioningStyle = Automatic;
						SystemCapabilities = {
							com.apple.ApplicationGroups.iOS = {
								enabled = 0;
							};
							com.apple.BackgroundModes = {
								enabled = 1;
							};
							com.apple.Maps.iOS = {
								enabled = 1;
							};
						};
					};
				};
			};
			buildConfigurationList = 27C558221E5F872E004FF32A /* Build configuration list for PBXProject "truCourse" */;
			compatibilityVersion = "Xcode 3.2";
			developmentRegion = English;
			hasScannedForEncodings = 0;
			knownRegions = (
				en,
				Base,
			);
			mainGroup = 27C5581E1E5F872E004FF32A;
			productRefGroup = 27C558281E5F872E004FF32A /* Products */;
			projectDirPath = "";
			projectRoot = "";
			targets = (
				27C558261E5F872E004FF32A /* truCourse */,
			);
		};
/* End PBXProject section */

/* Begin PBXResourcesBuildPhase section */
		27C558251E5F872E004FF32A /* Resources */ = {
			isa = PBXResourcesBuildPhase;
			buildActionMask = 2147483647;
			files = (
				27C558541E5F885B004FF32A /* Main.storyboard in Resources */,
				27C558411E5F8769004FF32A /* Globe_ffffff_25.png in Resources */,
				27F26E201EA95C80001EF37B /* Save_file_ffffff_25.png in Resources */,
				27C558441E5F8769004FF32A /* Signpost_ffffff_25.png in Resources */,
				27902EEA1E821512004B6D85 /* recenter_64.png in Resources */,
				27E7753C1E7CB84700091C78 /* Play_ffffff_25.png in Resources */,
				27E775461E7CB95300091C78 /* Pin_ffffff_25.png in Resources */,
				27C558351E5F872E004FF32A /* LaunchScreen.storyboard in Resources */,
				27BC9E171EA8590A00398773 /* TrackHeading_000000_25.png in Resources */,
				27A4C3CC1EB23EAA00604F1E /* Images.xcassets in Resources */,
				27B10D001E606EC1005099BD /* Back_ffffff_25.png in Resources */,
				2755C5DB1E84E6CC000800F5 /* Trash_ffffff_25.png in Resources */,
				27BC9E1B1EA859BC00398773 /* TrackOff_000000_25.png in Resources */,
				27AD09471EAE2847005912B3 /* Undo_ffffff_25.png in Resources */,
				27E775481E7CB99800091C78 /* Pin 2_ffffff_25.png in Resources */,
				27F26E1C1EA94E90001EF37B /* Near Me_ffffff_25.png in Resources */,
				27ED921D1EBEC9790004028E /* Waypoint Map_000000_25.png in Resources */,
				27B101E51E82A41C0014C588 /* Off_ffffff_25.png in Resources */,
				27B101E71E82A47B0014C588 /* On_ffffff_25.png in Resources */,
				27E775441E7CB90F00091C78 /* Upload_ffffff_25.png in Resources */,
				27C558431E5F8769004FF32A /* Settings_ffffff_25.png in Resources */,
				27E775301E7CA95700091C78 /* World Map_ffffff_25.png in Resources */,
				27E7753E1E7CB85600091C78 /* Pause_ffffff_25.png in Resources */,
				27BC9E191EA8596C00398773 /* TrackOn_000000_25.png in Resources */,
				27ED921F1EBED6B60004028E /* Trash_000000_25.png in Resources */,
				27E7754A1E7CB9B500091C78 /* Circled Play_ffffff_25.png in Resources */,
				27A4C3CE1EB23F5600604F1E /* icon_fullsize.png in Resources */,
				27AD09491EAE285A005912B3 /* Redo_ffffff_25.png in Resources */,
				2720DA381EB8B23C00B4E6D3 /* TrackPosts_000000_25.png in Resources */,
				27C558451E5F8769004FF32A /* Waypoint Map_ffffff_25.png in Resources */,
				27C5585B1E5F9578004FF32A /* FactoryDefaults.plist in Resources */,
				27E7754C1E7CB9CE00091C78 /* Circled Pause_ffffff_25.png in Resources */,
			);
			runOnlyForDeploymentPostprocessing = 0;
		};
/* End PBXResourcesBuildPhase section */

/* Begin PBXSourcesBuildPhase section */
		27C558231E5F872E004FF32A /* Sources */ = {
			isa = PBXSourcesBuildPhase;
			buildActionMask = 2147483647;
			files = (
				27ED921B1EBD52AC0004028E /* RoutesViewAnimator.swift in Sources */,
				270A77721E8CC570001E605B /* InsertionPoint.swift in Sources */,
				2749E0811EB6E44B00B34C0E /* WorkingRoute.swift in Sources */,
				2793480C1E8A829E00594B0D /* DataViewController.swift in Sources */,
				27AA19871EB0BB32003FB5F6 /* RenumberViewController.swift in Sources */,
				27C5584F1E5F8790004FF32A /* LatLonViewController.swift in Sources */,
				27C5584D1E5F8790004FF32A /* AppDelegate.swift in Sources */,
				2717BC211EC02D1400082BD7 /* RouteDetailViewController.swift in Sources */,
				27ED92191EBD1E890004028E /* RoutesViewController.swift in Sources */,
				27377C951EBA1509003504EF /* RouteInfoViewController.swift in Sources */,
				27C5584E1E5F8790004FF32A /* BearingViewController.swift in Sources */,
				27C558521E5F8790004FF32A /* Types.swift in Sources */,
				273D83821E8163B1003F5B49 /* RouteID.swift in Sources */,
				273DCEB31E7ACC11005AE82E /* Route.swift in Sources */,
				277689631E61159C00F25FE3 /* OptionsViewAnimator.swift in Sources */,
				27B10CFE1E6060E3005099BD /* MainController.swift in Sources */,
				27E7754E1E7CC16600091C78 /* Routes.swift in Sources */,
				273DCEB11E7AC11D005AE82E /* Constants.swift in Sources */,
				27C5585E1E5F97B2004FF32A /* OptionsViewController.swift in Sources */,
				274B508F1EA9A7C7000A1527 /* Extensions.swift in Sources */,
				27E0985A1EB0219D00FA21D3 /* UndoManager.swift in Sources */,
				27F74D7A1EA4E7AA008D172A /* PostAnnotation.swift in Sources */,
				2742AC9E1EAC39AB00B2EC53 /* UndoableActions.swift in Sources */,
				278905E41E7961D100F1B40B /* Waypoint.swift in Sources */,
				27C558511E5F8790004FF32A /* DataPageController.swift in Sources */,
				27D509471EA8D227002A5920 /* TrackingView.swift in Sources */,
				27377C971EBA1586003504EF /* PopupViewController.swift in Sources */,
				273DCEBA1E7C1C06005AE82E /* DataController.swift in Sources */,
				27C558501E5F8790004FF32A /* MapViewController.swift in Sources */,
				27C558561E5F8ABB004FF32A /* Options.swift in Sources */,
			);
			runOnlyForDeploymentPostprocessing = 0;
		};
/* End PBXSourcesBuildPhase section */

/* Begin PBXVariantGroup section */
		27C558331E5F872E004FF32A /* LaunchScreen.storyboard */ = {
			isa = PBXVariantGroup;
			children = (
				27C558341E5F872E004FF32A /* Base */,
			);
			name = LaunchScreen.storyboard;
			sourceTree = "<group>";
		};
/* End PBXVariantGroup section */

/* Begin XCBuildConfiguration section */
		27C558371E5F872E004FF32A /* Debug */ = {
			isa = XCBuildConfiguration;
			buildSettings = {
				ALWAYS_SEARCH_USER_PATHS = NO;
				CLANG_ANALYZER_NONNULL = YES;
				CLANG_CXX_LANGUAGE_STANDARD = "gnu++0x";
				CLANG_CXX_LIBRARY = "libc++";
				CLANG_ENABLE_MODULES = YES;
				CLANG_ENABLE_OBJC_ARC = YES;
				CLANG_WARN_BOOL_CONVERSION = YES;
				CLANG_WARN_CONSTANT_CONVERSION = YES;
				CLANG_WARN_DIRECT_OBJC_ISA_USAGE = YES_ERROR;
				CLANG_WARN_DOCUMENTATION_COMMENTS = YES;
				CLANG_WARN_EMPTY_BODY = YES;
				CLANG_WARN_ENUM_CONVERSION = YES;
				CLANG_WARN_INFINITE_RECURSION = YES;
				CLANG_WARN_INT_CONVERSION = YES;
				CLANG_WARN_OBJC_ROOT_CLASS = YES_ERROR;
				CLANG_WARN_SUSPICIOUS_MOVE = YES;
				CLANG_WARN_UNREACHABLE_CODE = YES;
				CLANG_WARN__DUPLICATE_METHOD_MATCH = YES;
				"CODE_SIGN_IDENTITY[sdk=iphoneos*]" = "iPhone Developer";
				COPY_PHASE_STRIP = NO;
				DEBUG_INFORMATION_FORMAT = dwarf;
				ENABLE_STRICT_OBJC_MSGSEND = YES;
				ENABLE_TESTABILITY = YES;
				GCC_C_LANGUAGE_STANDARD = gnu99;
				GCC_DYNAMIC_NO_PIC = NO;
				GCC_NO_COMMON_BLOCKS = YES;
				GCC_OPTIMIZATION_LEVEL = 0;
				GCC_PREPROCESSOR_DEFINITIONS = (
					"DEBUG=1",
					"$(inherited)",
				);
				GCC_WARN_64_TO_32_BIT_CONVERSION = YES;
				GCC_WARN_ABOUT_RETURN_TYPE = YES_ERROR;
				GCC_WARN_UNDECLARED_SELECTOR = YES;
				GCC_WARN_UNINITIALIZED_AUTOS = YES_AGGRESSIVE;
				GCC_WARN_UNUSED_FUNCTION = YES;
				GCC_WARN_UNUSED_VARIABLE = YES;
				IPHONEOS_DEPLOYMENT_TARGET = 10.2;
				MTL_ENABLE_DEBUG_INFO = YES;
				ONLY_ACTIVE_ARCH = YES;
				SDKROOT = iphoneos;
				SWIFT_ACTIVE_COMPILATION_CONDITIONS = DEBUG;
				SWIFT_OPTIMIZATION_LEVEL = "-Onone";
				TARGETED_DEVICE_FAMILY = "1,2";
			};
			name = Debug;
		};
		27C558381E5F872E004FF32A /* Release */ = {
			isa = XCBuildConfiguration;
			buildSettings = {
				ALWAYS_SEARCH_USER_PATHS = NO;
				CLANG_ANALYZER_NONNULL = YES;
				CLANG_CXX_LANGUAGE_STANDARD = "gnu++0x";
				CLANG_CXX_LIBRARY = "libc++";
				CLANG_ENABLE_MODULES = YES;
				CLANG_ENABLE_OBJC_ARC = YES;
				CLANG_WARN_BOOL_CONVERSION = YES;
				CLANG_WARN_CONSTANT_CONVERSION = YES;
				CLANG_WARN_DIRECT_OBJC_ISA_USAGE = YES_ERROR;
				CLANG_WARN_DOCUMENTATION_COMMENTS = YES;
				CLANG_WARN_EMPTY_BODY = YES;
				CLANG_WARN_ENUM_CONVERSION = YES;
				CLANG_WARN_INFINITE_RECURSION = YES;
				CLANG_WARN_INT_CONVERSION = YES;
				CLANG_WARN_OBJC_ROOT_CLASS = YES_ERROR;
				CLANG_WARN_SUSPICIOUS_MOVE = YES;
				CLANG_WARN_UNREACHABLE_CODE = YES;
				CLANG_WARN__DUPLICATE_METHOD_MATCH = YES;
				"CODE_SIGN_IDENTITY[sdk=iphoneos*]" = "iPhone Developer";
				COPY_PHASE_STRIP = NO;
				DEBUG_INFORMATION_FORMAT = "dwarf-with-dsym";
				ENABLE_NS_ASSERTIONS = NO;
				ENABLE_STRICT_OBJC_MSGSEND = YES;
				GCC_C_LANGUAGE_STANDARD = gnu99;
				GCC_NO_COMMON_BLOCKS = YES;
				GCC_WARN_64_TO_32_BIT_CONVERSION = YES;
				GCC_WARN_ABOUT_RETURN_TYPE = YES_ERROR;
				GCC_WARN_UNDECLARED_SELECTOR = YES;
				GCC_WARN_UNINITIALIZED_AUTOS = YES_AGGRESSIVE;
				GCC_WARN_UNUSED_FUNCTION = YES;
				GCC_WARN_UNUSED_VARIABLE = YES;
				IPHONEOS_DEPLOYMENT_TARGET = 10.2;
				MTL_ENABLE_DEBUG_INFO = NO;
				SDKROOT = iphoneos;
				SWIFT_OPTIMIZATION_LEVEL = "-Owholemodule";
				TARGETED_DEVICE_FAMILY = "1,2";
				VALIDATE_PRODUCT = YES;
			};
			name = Release;
		};
		27C5583A1E5F872E004FF32A /* Debug */ = {
			isa = XCBuildConfiguration;
			buildSettings = {
				ASSETCATALOG_COMPILER_APPICON_NAME = AppIcon;
				CLANG_ENABLE_MODULES = YES;
				DEVELOPMENT_TEAM = 642SNV9NK2;
				INFOPLIST_FILE = truCourse/Info.plist;
				IPHONEOS_DEPLOYMENT_TARGET = 9.0;
				LD_RUNPATH_SEARCH_PATHS = "$(inherited) @executable_path/Frameworks";
				PRODUCT_BUNDLE_IDENTIFIER = com.vmwishes.app1;
				PRODUCT_NAME = "$(TARGET_NAME)";
				SWIFT_OPTIMIZATION_LEVEL = "-Onone";
				SWIFT_VERSION = 3.0;
				TARGETED_DEVICE_FAMILY = 1;
			};
			name = Debug;
		};
		27C5583B1E5F872E004FF32A /* Release */ = {
			isa = XCBuildConfiguration;
			buildSettings = {
				ASSETCATALOG_COMPILER_APPICON_NAME = AppIcon;
				CLANG_ENABLE_MODULES = YES;
				DEVELOPMENT_TEAM = 642SNV9NK2;
				INFOPLIST_FILE = truCourse/Info.plist;
				IPHONEOS_DEPLOYMENT_TARGET = 9.0;
				LD_RUNPATH_SEARCH_PATHS = "$(inherited) @executable_path/Frameworks";
				PRODUCT_BUNDLE_IDENTIFIER = com.vmwishes.app1;
				PRODUCT_NAME = "$(TARGET_NAME)";
				SWIFT_VERSION = 3.0;
				TARGETED_DEVICE_FAMILY = 1;
			};
			name = Release;
		};
/* End XCBuildConfiguration section */

/* Begin XCConfigurationList section */
		27C558221E5F872E004FF32A /* Build configuration list for PBXProject "truCourse" */ = {
			isa = XCConfigurationList;
			buildConfigurations = (
				27C558371E5F872E004FF32A /* Debug */,
				27C558381E5F872E004FF32A /* Release */,
			);
			defaultConfigurationIsVisible = 0;
			defaultConfigurationName = Release;
		};
		27C558391E5F872E004FF32A /* Build configuration list for PBXNativeTarget "truCourse" */ = {
			isa = XCConfigurationList;
			buildConfigurations = (
				27C5583A1E5F872E004FF32A /* Debug */,
				27C5583B1E5F872E004FF32A /* Release */,
			);
			defaultConfigurationIsVisible = 0;
			defaultConfigurationName = Release;
		};
/* End XCConfigurationList section */
	};
	rootObject = 27C5581F1E5F872E004FF32A /* Project object */;
}
